# THIS IS AN AUTOGENERATED FILE. DO NOT EDIT THIS FILE DIRECTLY.
# yarn lockfile v1


"@babel/runtime@^7.1.2":
  version "7.7.7"
  resolved "https://registry.yarnpkg.com/@babel/runtime/-/runtime-7.7.7.tgz#194769ca8d6d7790ec23605af9ee3e42a0aa79cf"
  integrity sha512-uCnC2JEVAu8AKB5do1WRIsvrdJ0flYx/A/9f/6chdacnEZ7LmavjdsDXr5ksYBegxtuTPR5Va9/+13QF/kFkCA==
  dependencies:
    regenerator-runtime "^0.13.2"

"@semantic-ui-react/event-stack@^3.1.0":
  version "3.1.1"
  resolved "https://registry.yarnpkg.com/@semantic-ui-react/event-stack/-/event-stack-3.1.1.tgz#3263d17511db81a743167fe45281a24b3eb6b3c8"
  integrity sha512-SA7VOu/tY3OkooR++mm9voeQrJpYXjJaMHO1aFCcSouS2xhqMR9Gnz0LEGLOR0h9ueWPBKaQzKIrx3FTTJZmUQ==
  dependencies:
    exenv "^1.2.2"
    prop-types "^15.6.2"

"@stardust-ui/react-component-event-listener@~0.38.0":
  version "0.38.0"
  resolved "https://registry.yarnpkg.com/@stardust-ui/react-component-event-listener/-/react-component-event-listener-0.38.0.tgz#1787faded94b40ad41226e6289baf13e701c6e7f"
  integrity sha512-sIP/e0dyOrrlb8K7KWumfMxj/gAifswTBC4o68Aa+C/GA73ccRp/6W1VlHvF/dlOR4KLsA+5SKnhjH36xzPsWg==
  dependencies:
    "@babel/runtime" "^7.1.2"
    prop-types "^15.7.2"

"@stardust-ui/react-component-ref@~0.38.0":
  version "0.38.0"
  resolved "https://registry.yarnpkg.com/@stardust-ui/react-component-ref/-/react-component-ref-0.38.0.tgz#52d555f2d5edd213c923c93a106f7de940e427ef"
  integrity sha512-xjs6WnvJVueSIXMWw0C3oWIgAPpcD03qw43oGOjUXqFktvpNkB73JoKIhS4sCrtQxBdct75qqr4ZL6JiyPcESw==
  dependencies:
    "@babel/runtime" "^7.1.2"
    prop-types "^15.7.2"
    react-is "^16.6.3"

classnames@^2.2.6:
  version "2.2.6"
  resolved "https://registry.yarnpkg.com/classnames/-/classnames-2.2.6.tgz#43935bffdd291f326dad0a205309b38d00f650ce"
  integrity sha512-JR/iSQOSt+LQIWwrwEzJ9uk0xfN3mTVYMwt1Ir5mUcSN6pU+V4zQFFaJsclJbPuAUQH+yfWef6tm7l1quW3C8Q==

create-react-context@^0.3.0:
  version "0.3.0"
  resolved "https://registry.yarnpkg.com/create-react-context/-/create-react-context-0.3.0.tgz#546dede9dc422def0d3fc2fe03afe0bc0f4f7d8c"
  integrity sha512-dNldIoSuNSvlTJ7slIKC/ZFGKexBMBrrcc+TTe1NdmROnaASuLPvqpwj9v4XS4uXZ8+YPu0sNmShX2rXI5LNsw==
  dependencies:
    gud "^1.0.0"
    warning "^4.0.3"

d3-array@^1.2.0:
  version "1.2.4"
  resolved "https://registry.yarnpkg.com/d3-array/-/d3-array-1.2.4.tgz#635ce4d5eea759f6f605863dbcfc30edc737f71f"
  integrity sha512-KHW6M86R+FUPYGb3R5XiYjXPq7VzwxZ22buHhAEVG5ztoEcZZMLov530mmccaqA1GghZArjQV46fuc8kUqhhHw==

d3-collection@1:
  version "1.0.7"
  resolved "https://registry.yarnpkg.com/d3-collection/-/d3-collection-1.0.7.tgz#349bd2aa9977db071091c13144d5e4f16b5b310e"
  integrity sha512-ii0/r5f4sjKNTfh84Di+DpztYwqKhEyUlKoPrzUFfeSkWxjW49xU2QzO9qrPrNkpdI0XJkfzvmTu8V2Zylln6A==

d3-color@1:
  version "1.4.0"
  resolved "https://registry.yarnpkg.com/d3-color/-/d3-color-1.4.0.tgz#89c45a995ed773b13314f06460df26d60ba0ecaf"
  integrity sha512-TzNPeJy2+iEepfiL92LAAB7fvnp/dV2YwANPVHdDWmYMm23qIJBYww3qT8I8C1wXrmrg4UWs7BKc2tKIgyjzHg==

d3-ease@^1.0.0:
  version "1.0.6"
  resolved "https://registry.yarnpkg.com/d3-ease/-/d3-ease-1.0.6.tgz#ebdb6da22dfac0a22222f2d4da06f66c416a0ec0"
  integrity sha512-SZ/lVU7LRXafqp7XtIcBdxnWl8yyLpgOmzAk0mWBI9gXNzLDx5ybZgnRbH9dN/yY5tzVBqCQ9avltSnqVwessQ==

d3-format@1:
  version "1.4.3"
  resolved "https://registry.yarnpkg.com/d3-format/-/d3-format-1.4.3.tgz#4e8eb4dff3fdcb891a8489ec6e698601c41b96f1"
  integrity sha512-mm/nE2Y9HgGyjP+rKIekeITVgBtX97o1nrvHCWX8F/yBYyevUTvu9vb5pUnKwrcSw7o7GuwMOWjS9gFDs4O+uQ==

d3-interpolate@1, d3-interpolate@^1.1.1:
  version "1.4.0"
  resolved "https://registry.yarnpkg.com/d3-interpolate/-/d3-interpolate-1.4.0.tgz#526e79e2d80daa383f9e0c1c1c7dcc0f0583e987"
  integrity sha512-V9znK0zc3jOPV4VD2zZn0sDhZU3WAE2bmlxdIwwQPPzPjvyLkd8B3JUVdS1IDUFDkWZ72c9qnv1GK2ZagTZ8EA==
  dependencies:
    d3-color "1"

d3-path@1:
  version "1.0.9"
  resolved "https://registry.yarnpkg.com/d3-path/-/d3-path-1.0.9.tgz#48c050bb1fe8c262493a8caf5524e3e9591701cf"
  integrity sha512-VLaYcn81dtHVTjEHd8B+pbe9yHWpXKZUC87PzoFmsFrJqgFwDe/qxfp5MlfsfM1V5E/iVt0MmEbWQ7FVIXh/bg==

d3-scale@^1.0.0:
  version "1.0.7"
  resolved "https://registry.yarnpkg.com/d3-scale/-/d3-scale-1.0.7.tgz#fa90324b3ea8a776422bd0472afab0b252a0945d"
  integrity sha512-KvU92czp2/qse5tUfGms6Kjig0AhHOwkzXG0+PqIJB3ke0WUv088AHMZI0OssO9NCkXt4RP8yju9rpH8aGB7Lw==
  dependencies:
    d3-array "^1.2.0"
    d3-collection "1"
    d3-color "1"
    d3-format "1"
    d3-interpolate "1"
    d3-time "1"
    d3-time-format "2"

d3-shape@^1.0.0, d3-shape@^1.2.0:
  version "1.3.7"
  resolved "https://registry.yarnpkg.com/d3-shape/-/d3-shape-1.3.7.tgz#df63801be07bc986bc54f63789b4fe502992b5d7"
  integrity sha512-EUkvKjqPFUAZyOlhY5gzCxCeI0Aep04LwIRpsZ/mLFelJiUfnK56jo5JMDSE7yyP2kLSb6LtF+S5chMk7uqPqw==
  dependencies:
    d3-path "1"

d3-time-format@2:
  version "2.2.3"
  resolved "https://registry.yarnpkg.com/d3-time-format/-/d3-time-format-2.2.3.tgz#0c9a12ee28342b2037e5ea1cf0b9eb4dd75f29cb"
  integrity sha512-RAHNnD8+XvC4Zc4d2A56Uw0yJoM7bsvOlJR33bclxq399Rak/b9bhvu/InjxdWhPtkgU53JJcleJTGkNRnN6IA==
  dependencies:
    d3-time "1"

d3-time@1:
  version "1.1.0"
  resolved "https://registry.yarnpkg.com/d3-time/-/d3-time-1.1.0.tgz#b1e19d307dae9c900b7e5b25ffc5dcc249a8a0f1"
  integrity sha512-Xh0isrZ5rPYYdqhAVk8VLnMEidhz5aP7htAADH6MfzgmmicPkTo8LhkLxci61/lCB7n7UmE3bN0leRt+qvkLxA==

d3-timer@^1.0.0:
  version "1.0.10"
  resolved "https://registry.yarnpkg.com/d3-timer/-/d3-timer-1.0.10.tgz#dfe76b8a91748831b13b6d9c793ffbd508dd9de5"
  integrity sha512-B1JDm0XDaQC+uvo4DT79H0XmBskgS3l6Ve+1SBCfxgmtIb1AVrPIoqd+nPSv+loMX8szQ0sVUhGngL7D5QPiXw==

d3-voronoi@^1.1.2:
  version "1.1.4"
  resolved "https://registry.yarnpkg.com/d3-voronoi/-/d3-voronoi-1.1.4.tgz#dd3c78d7653d2bb359284ae478645d95944c8297"
  integrity sha512-dArJ32hchFsrQ8uMiTBLq256MpnZjeuBtdHpaDlYuQyjU0CVzCJl/BVW+SkszaAeH95D/8gxqAhgx0ouAWAfRg==

deep-equal@^1.1.1:
  version "1.1.1"
  resolved "https://registry.yarnpkg.com/deep-equal/-/deep-equal-1.1.1.tgz#b5c98c942ceffaf7cb051e24e1434a25a2e6076a"
  integrity sha512-yd9c5AdiqVcR+JjcwUQb9DkhJc8ngNr0MahEBGvDiJw8puWab2yZlh+nkasOnZP+EGTAP6rRp2JzJhJZzvNF8g==
  dependencies:
    is-arguments "^1.0.4"
    is-date-object "^1.0.1"
    is-regex "^1.0.4"
    object-is "^1.0.1"
    object-keys "^1.1.1"
    regexp.prototype.flags "^1.2.0"

define-properties@^1.1.2, define-properties@^1.1.3:
  version "1.1.3"
  resolved "https://registry.yarnpkg.com/define-properties/-/define-properties-1.1.3.tgz#cf88da6cbee26fe6db7094f61d870cbd84cee9f1"
  integrity sha512-3MqfYKj2lLzdMSf8ZIZE/V+Zuy+BgD6f164e8K2w7dgnpKArBDerGYpM46IYYcjnkdPNMjPk9A6VFB8+3SKlXQ==
  dependencies:
    object-keys "^1.0.12"

delaunator@^4.0.0:
  version "4.0.1"
  resolved "https://registry.yarnpkg.com/delaunator/-/delaunator-4.0.1.tgz#3d779687f57919a7a418f8ab947d3bddb6846957"
  integrity sha512-WNPWi1IRKZfCt/qIDMfERkDp93+iZEmOxN2yy4Jg+Xhv8SLk2UTqqbe1sfiipn0and9QrE914/ihdx82Y/Giag==

delaunay-find@0.0.5:
  version "0.0.5"
  resolved "https://registry.yarnpkg.com/delaunay-find/-/delaunay-find-0.0.5.tgz#5fb37e6509da934881b4b16c08898ac89862c097"
  integrity sha512-7yAJ/wmKWj3SgqjtkGqT/RCwI0HWAo5YnHMoF5nYXD8cdci+YSo23iPmgrZUNOpDxRWN91PqxUvMMr2lKpjr+w==
  dependencies:
    delaunator "^4.0.0"

es-abstract@^1.17.0-next.1:
  version "1.17.0"
  resolved "https://registry.yarnpkg.com/es-abstract/-/es-abstract-1.17.0.tgz#f42a517d0036a5591dbb2c463591dc8bb50309b1"
  integrity sha512-yYkE07YF+6SIBmg1MsJ9dlub5L48Ek7X0qz+c/CPCHS9EBXfESorzng4cJQjJW5/pB6vDF41u7F8vUhLVDqIug==
  dependencies:
    es-to-primitive "^1.2.1"
    function-bind "^1.1.1"
    has "^1.0.3"
    has-symbols "^1.0.1"
    is-callable "^1.1.5"
    is-regex "^1.0.5"
    object-inspect "^1.7.0"
    object-keys "^1.1.1"
    object.assign "^4.1.0"
    string.prototype.trimleft "^2.1.1"
    string.prototype.trimright "^2.1.1"

es-to-primitive@^1.2.1:
  version "1.2.1"
  resolved "https://registry.yarnpkg.com/es-to-primitive/-/es-to-primitive-1.2.1.tgz#e55cd4c9cdc188bcefb03b366c736323fc5c898a"
  integrity sha512-QCOllgZJtaUo9miYBcLChTUaHNjJF3PYs1VidD7AwiEj1kYxKeQTctLAezAOH5ZKRH0g2IgPn6KwB4IT8iRpvA==
  dependencies:
    is-callable "^1.1.4"
    is-date-object "^1.0.1"
    is-symbol "^1.0.2"

exenv@^1.2.2:
  version "1.2.2"
  resolved "https://registry.yarnpkg.com/exenv/-/exenv-1.2.2.tgz#2ae78e85d9894158670b03d47bec1f03bd91bb9d"
  integrity sha1-KueOhdmJQVhnCwPUe+wfA72Ru50=

function-bind@^1.1.1:
  version "1.1.1"
  resolved "https://registry.yarnpkg.com/function-bind/-/function-bind-1.1.1.tgz#a56899d3ea3c9bab874bb9773b7c5ede92f4895d"
  integrity sha512-yIovAzMX49sF8Yl58fSCWJ5svSLuaibPxXQJFLmBObTuCr0Mf1KiPopGM9NiFjiYBCbfaa2Fh6breQ6ANVTI0A==

gud@^1.0.0:
  version "1.0.0"
  resolved "https://registry.yarnpkg.com/gud/-/gud-1.0.0.tgz#a489581b17e6a70beca9abe3ae57de7a499852c0"
  integrity sha512-zGEOVKFM5sVPPrYs7J5/hYEw2Pof8KCyOwyhG8sAF26mCAeUFAcYPu1mwB7hhpIP29zOIBaDqwuHdLp0jvZXjw==

has-symbols@^1.0.0, has-symbols@^1.0.1:
  version "1.0.1"
  resolved "https://registry.yarnpkg.com/has-symbols/-/has-symbols-1.0.1.tgz#9f5214758a44196c406d9bd76cebf81ec2dd31e8"
  integrity sha512-PLcsoqu++dmEIZB+6totNFKq/7Do+Z0u4oT0zKOJNl3lYK6vGwwu2hjHs+68OEZbTjiUE9bgOABXbP/GvrS0Kg==

has@^1.0.3:
  version "1.0.3"
  resolved "https://registry.yarnpkg.com/has/-/has-1.0.3.tgz#722d7cbfc1f6aa8241f16dd814e011e1f41e8796"
  integrity sha512-f2dvO0VU6Oej7RkWJGrehjbzMAjFp5/VKPp5tTpWIV4JHHZK1/BxbFRtf/siA2SWTe09caDmVtYYzWEIbBS4zw==
  dependencies:
    function-bind "^1.1.1"

is-arguments@^1.0.4:
  version "1.0.4"
  resolved "https://registry.yarnpkg.com/is-arguments/-/is-arguments-1.0.4.tgz#3faf966c7cba0ff437fb31f6250082fcf0448cf3"
  integrity sha512-xPh0Rmt8NE65sNzvyUmWgI1tz3mKq74lGA0mL8LYZcoIzKOzDh6HmrYm3d18k60nHerC8A9Km8kYu87zfSFnLA==

is-callable@^1.1.4, is-callable@^1.1.5:
  version "1.1.5"
  resolved "https://registry.yarnpkg.com/is-callable/-/is-callable-1.1.5.tgz#f7e46b596890456db74e7f6e976cb3273d06faab"
  integrity sha512-ESKv5sMCJB2jnHTWZ3O5itG+O128Hsus4K4Qh1h2/cgn2vbgnLSVqfV46AeJA9D5EeeLa9w81KUXMtn34zhX+Q==

is-date-object@^1.0.1:
  version "1.0.2"
  resolved "https://registry.yarnpkg.com/is-date-object/-/is-date-object-1.0.2.tgz#bda736f2cd8fd06d32844e7743bfa7494c3bfd7e"
  integrity sha512-USlDT524woQ08aoZFzh3/Z6ch9Y/EWXEHQ/AaRN0SkKq4t2Jw2R2339tSXmwuVoY7LLlBCbOIlx2myP/L5zk0g==

is-regex@^1.0.4, is-regex@^1.0.5:
  version "1.0.5"
  resolved "https://registry.yarnpkg.com/is-regex/-/is-regex-1.0.5.tgz#39d589a358bf18967f726967120b8fc1aed74eae"
  integrity sha512-vlKW17SNq44owv5AQR3Cq0bQPEb8+kF3UKZ2fiZNOWtztYE5i0CzCZxFDwO58qAOWtxdBRVO/V5Qin1wjCqFYQ==
  dependencies:
    has "^1.0.3"

is-symbol@^1.0.2:
  version "1.0.3"
  resolved "https://registry.yarnpkg.com/is-symbol/-/is-symbol-1.0.3.tgz#38e1014b9e6329be0de9d24a414fd7441ec61937"
  integrity sha512-OwijhaRSgqvhm/0ZdAcXNZt9lYdKFpcRDT5ULUuYXPoT794UNOdU+gpT6Rzo7b4V2HUl/op6GqY894AZwv9faQ==
  dependencies:
    has-symbols "^1.0.1"

jquery@x.*:
  version "3.4.1"
  resolved "https://registry.yarnpkg.com/jquery/-/jquery-3.4.1.tgz#714f1f8d9dde4bdfa55764ba37ef214630d80ef2"
  integrity sha512-36+AdBzCL+y6qjw5Tx7HgzeGCzC81MDDgaUP8ld2zhx58HdqXGoBd+tHdrBMiyjGQs0Hxs/MLZTu/eHNJJuWPw==

"js-tokens@^3.0.0 || ^4.0.0":
  version "4.0.0"
  resolved "https://registry.yarnpkg.com/js-tokens/-/js-tokens-4.0.0.tgz#19203fb59991df98e3a287050d4647cdeaf32499"
  integrity sha512-RdJUflcE3cUzKiMqQgsCu06FPu9UdIJO0beYbPhHN4k6apgJtifcoCtT9bcxOpYBtpD2kCM6Sbzg4CausW/PKQ==

keyboard-key@^1.0.4:
  version "1.0.4"
  resolved "https://registry.yarnpkg.com/keyboard-key/-/keyboard-key-1.0.4.tgz#52d8fa07b7e17757072aa22a67fb4ae85e4c46b0"
  integrity sha512-my04dE6BCwPpwoe4KYKfPxWiwgDYQOHrVmtzn1CfzmoEsGG/ef4oZGaXCzi1+iFhG7CN5JkOuxmei5OABY8/ag==

lodash@^4.17.15:
  version "4.17.15"
  resolved "https://registry.yarnpkg.com/lodash/-/lodash-4.17.15.tgz#b447f6670a0455bbfeedd11392eff330ea097548"
  integrity sha512-8xOcRHvCjnocdS5cpwXQXVzmmh5e5+saE2QGoeQmbKmRS6J3VQppPOIt0MnmE+4xlZoumy0GPG0D0MVIQbNA1A==

loose-envify@^1.0.0, loose-envify@^1.4.0:
  version "1.4.0"
  resolved "https://registry.yarnpkg.com/loose-envify/-/loose-envify-1.4.0.tgz#71ee51fa7be4caec1a63839f7e682d8132d30caf"
  integrity sha512-lyuxPGr/Wfhrlem2CL/UcnUc1zcqKAImBDzukY7Y5F/yQiNdko6+fRLevlw1HgMySw7f611UIY408EtxRSoK3Q==
  dependencies:
    js-tokens "^3.0.0 || ^4.0.0"

object-assign@^4.1.1:
  version "4.1.1"
  resolved "https://registry.yarnpkg.com/object-assign/-/object-assign-4.1.1.tgz#2109adc7965887cfc05cbbd442cac8bfbb360863"
  integrity sha1-IQmtx5ZYh8/AXLvUQsrIv7s2CGM=

object-inspect@^1.7.0:
  version "1.7.0"
  resolved "https://registry.yarnpkg.com/object-inspect/-/object-inspect-1.7.0.tgz#f4f6bd181ad77f006b5ece60bd0b6f398ff74a67"
  integrity sha512-a7pEHdh1xKIAgTySUGgLMx/xwDZskN1Ud6egYYN3EdRW4ZMPNEDUTF+hwy2LUC+Bl+SyLXANnwz/jyh/qutKUw==

object-is@^1.0.1:
  version "1.0.2"
  resolved "https://registry.yarnpkg.com/object-is/-/object-is-1.0.2.tgz#6b80eb84fe451498f65007982f035a5b445edec4"
  integrity sha512-Epah+btZd5wrrfjkJZq1AOB9O6OxUQto45hzFd7lXGrpHPGE0W1k+426yrZV+k6NJOzLNNW/nVsmZdIWsAqoOQ==

object-keys@^1.0.11, object-keys@^1.0.12, object-keys@^1.1.1:
  version "1.1.1"
  resolved "https://registry.yarnpkg.com/object-keys/-/object-keys-1.1.1.tgz#1c47f272df277f3b1daf061677d9c82e2322c60e"
  integrity sha512-NuAESUOUMrlIXOfHKzD6bpPu3tYt3xvjNdRIQ+FeT0lNb4K8WR70CaDxhuNguS2XG+GjkyMwOzsN5ZktImfhLA==

object.assign@^4.1.0:
  version "4.1.0"
  resolved "https://registry.yarnpkg.com/object.assign/-/object.assign-4.1.0.tgz#968bf1100d7956bb3ca086f006f846b3bc4008da"
  integrity sha512-exHJeq6kBKj58mqGyTQ9DFvrZC/eR6OwxzoM9YRoGBqrXYonaFyGiFMuc9VZrXf7DarreEwMpurG3dd+CNyW5w==
  dependencies:
    define-properties "^1.1.2"
    function-bind "^1.1.1"
    has-symbols "^1.0.0"
    object-keys "^1.0.11"

popper.js@^1.14.4:
  version "1.16.0"
  resolved "https://registry.yarnpkg.com/popper.js/-/popper.js-1.16.0.tgz#2e1816bcbbaa518ea6c2e15a466f4cb9c6e2fbb3"
  integrity sha512-+G+EkOPoE5S/zChTpmBSSDYmhXJ5PsW8eMhH8cP/CQHMFPBG/kC9Y5IIw6qNYgdJ+/COf0ddY2li28iHaZRSjw==

prop-types@^15.5.8, prop-types@^15.6.1, prop-types@^15.6.2, prop-types@^15.7.2:
  version "15.7.2"
  resolved "https://registry.yarnpkg.com/prop-types/-/prop-types-15.7.2.tgz#52c41e75b8c87e72b9d9360e0206b99dcbffa6c5"
  integrity sha512-8QQikdH7//R2vurIJSutZ1smHYTcLpRWEOlHnzcWHmBYrOGUysKwSsrC89BCiFj3CbrfJ/nXFdJepOVrY1GCHQ==
  dependencies:
    loose-envify "^1.4.0"
    object-assign "^4.1.1"
    react-is "^16.8.1"

react-fast-compare@^2.0.0:
  version "2.0.4"
  resolved "https://registry.yarnpkg.com/react-fast-compare/-/react-fast-compare-2.0.4.tgz#e84b4d455b0fec113e0402c329352715196f81f9"
  integrity sha512-suNP+J1VU1MWFKcyt7RtjiSWUjvidmQSlqu+eHslq+342xCbGTYmC0mEhPCOHxlW0CywylOC1u2DFAT+bv4dBw==

react-is@^16.6.3, react-is@^16.8.1, react-is@^16.8.6:
  version "16.12.0"
  resolved "https://registry.yarnpkg.com/react-is/-/react-is-16.12.0.tgz#2cc0fe0fba742d97fd527c42a13bec4eeb06241c"
  integrity sha512-rPCkf/mWBtKc97aLL9/txD8DZdemK0vkA3JMLShjlJB3Pj3s+lpf1KaBzMfQrAmhMQB0n1cU/SUGgKKBCe837Q==

react-popper@^1.3.4:
  version "1.3.7"
  resolved "https://registry.yarnpkg.com/react-popper/-/react-popper-1.3.7.tgz#f6a3471362ef1f0d10a4963673789de1baca2324"
  integrity sha512-nmqYTx7QVjCm3WUZLeuOomna138R1luC4EqkW3hxJUrAe+3eNz3oFCLYdnPwILfn0mX1Ew2c3wctrjlUMYYUww==
  dependencies:
    "@babel/runtime" "^7.1.2"
    create-react-context "^0.3.0"
    deep-equal "^1.1.1"
    popper.js "^1.14.4"
    prop-types "^15.6.1"
    typed-styles "^0.0.7"
    warning "^4.0.2"

regenerator-runtime@^0.13.2:
  version "0.13.3"
  resolved "https://registry.yarnpkg.com/regenerator-runtime/-/regenerator-runtime-0.13.3.tgz#7cf6a77d8f5c6f60eb73c5fc1955b2ceb01e6bf5"
  integrity sha512-naKIZz2GQ8JWh///G7L3X6LaQUAMp2lvb1rvwwsURe/VXwD6VMfr+/1NuNw3ag8v2kY1aQ/go5SNn79O9JU7yw==

regexp.prototype.flags@^1.2.0:
  version "1.3.0"
  resolved "https://registry.yarnpkg.com/regexp.prototype.flags/-/regexp.prototype.flags-1.3.0.tgz#7aba89b3c13a64509dabcf3ca8d9fbb9bdf5cb75"
  integrity sha512-2+Q0C5g951OlYlJz6yu5/M33IcsESLlLfsyIaLJaG4FA2r4yP8MvVMJUUP/fVBkSpbbbZlS5gynbEWLipiiXiQ==
  dependencies:
    define-properties "^1.1.3"
    es-abstract "^1.17.0-next.1"

semantic-ui-css@^2.4.1:
  version "2.4.1"
  resolved "https://registry.yarnpkg.com/semantic-ui-css/-/semantic-ui-css-2.4.1.tgz#f5aea39fafb787cbd905ec724272a3f9cba9004a"
  integrity sha512-Pkp0p9oWOxlH0kODx7qFpIRYpK1T4WJOO4lNnpNPOoWKCrYsfHqYSKgk5fHfQtnWnsAKy7nLJMW02bgDWWFZFg==
  dependencies:
    jquery x.*

semantic-ui-react@^0.88.2:
  version "0.88.2"
  resolved "https://registry.yarnpkg.com/semantic-ui-react/-/semantic-ui-react-0.88.2.tgz#3d4b54f8b799769b412435c8531475fd34aa4149"
  integrity sha512-+02kN2z8PuA/cMdvDUsHhbJmBzxxgOXVHMFr9XK7zGb0wkW9A6OPQMFokWz7ozlVtKjN6r7zsb+Qvjk/qq1OWw==
  dependencies:
    "@babel/runtime" "^7.1.2"
    "@semantic-ui-react/event-stack" "^3.1.0"
    "@stardust-ui/react-component-event-listener" "~0.38.0"
    "@stardust-ui/react-component-ref" "~0.38.0"
    classnames "^2.2.6"
    keyboard-key "^1.0.4"
    lodash "^4.17.15"
    prop-types "^15.7.2"
    react-is "^16.8.6"
    react-popper "^1.3.4"
    shallowequal "^1.1.0"

shallowequal@^1.1.0:
  version "1.1.0"
  resolved "https://registry.yarnpkg.com/shallowequal/-/shallowequal-1.1.0.tgz#188d521de95b9087404fd4dcb68b13df0ae4e7f8"
  integrity sha512-y0m1JoUZSlPAjXVtPPW70aZWfIL/dSP7AFkRnniLCrK/8MDKog3TySTBmckD+RObVxH0v4Tox67+F14PdED2oQ==

string.prototype.trimleft@^2.1.1:
  version "2.1.1"
  resolved "https://registry.yarnpkg.com/string.prototype.trimleft/-/string.prototype.trimleft-2.1.1.tgz#9bdb8ac6abd6d602b17a4ed321870d2f8dcefc74"
  integrity sha512-iu2AGd3PuP5Rp7x2kEZCrB2Nf41ehzh+goo8TV7z8/XDBbsvc6HQIlUl9RjkZ4oyrW1XM5UwlGl1oVEaDjg6Ag==
  dependencies:
    define-properties "^1.1.3"
    function-bind "^1.1.1"

string.prototype.trimright@^2.1.1:
  version "2.1.1"
  resolved "https://registry.yarnpkg.com/string.prototype.trimright/-/string.prototype.trimright-2.1.1.tgz#440314b15996c866ce8a0341894d45186200c5d9"
  integrity sha512-qFvWL3/+QIgZXVmJBfpHmxLB7xsUXz6HsUmP8+5dRaC3Q7oKUv9Vo6aMCRZC1smrtyECFsIT30PqBJ1gTjAs+g==
  dependencies:
    define-properties "^1.1.3"
    function-bind "^1.1.1"

typed-styles@^0.0.7:
  version "0.0.7"
  resolved "https://registry.yarnpkg.com/typed-styles/-/typed-styles-0.0.7.tgz#93392a008794c4595119ff62dde6809dbc40a3d9"
  integrity sha512-pzP0PWoZUhsECYjABgCGQlRGL1n7tOHsgwYv3oIiEpJwGhFTuty/YNeduxQYzXXa3Ge5BdT6sHYIQYpl4uJ+5Q==

victory-area@^34.0.0:
  version "34.0.0"
  resolved "https://registry.yarnpkg.com/victory-area/-/victory-area-34.0.0.tgz#d6d85f694701447ed7e78c8c97af52e56a1a3fd4"
  integrity sha512-H3f4iBt5FgRkmuJdXArtCK10TPOrXgHI5LeGGWwzq70F1Y+yFmR/mgShWKmdrLVCBlhJFvKbxriHVnC0jFb4dA==
  dependencies:
    d3-shape "^1.2.0"
    lodash "^4.17.15"
    prop-types "^15.5.8"
    victory-core "^34.0.0"

victory-axis@^34.0.0:
  version "34.0.0"
  resolved "https://registry.yarnpkg.com/victory-axis/-/victory-axis-34.0.0.tgz#8e1fbc4275dccdd0c6089fde3bc42ada3fc82b2b"
  integrity sha512-8oGcYYBB3l3DvZVFFqZhvpDDWXDZKiuOeqmxW5eBYSrPYjtAlnCA3VF9ZivOIpK3DmG1w6TSveNFZkfa1U64mw==
  dependencies:
    lodash "^4.17.15"
    prop-types "^15.5.8"
    victory-core "^34.0.0"

victory-bar@^34.0.0:
  version "34.0.0"
  resolved "https://registry.yarnpkg.com/victory-bar/-/victory-bar-34.0.0.tgz#22d757b6990954b46d4d206f1d4b8e00169b2bb2"
  integrity sha512-DBm0FN1x8E3z+3+hA53XMM/1raeSRbt+p4KjChk+NZKEmqfUzRgWUx7cO5fKfIKoPS9V+LzeaoEckd67tk+lCQ==
  dependencies:
    d3-shape "^1.2.0"
    lodash "^4.17.15"
    prop-types "^15.5.8"
    victory-core "^34.0.0"

victory-box-plot@^34.0.0:
  version "34.0.0"
  resolved "https://registry.yarnpkg.com/victory-box-plot/-/victory-box-plot-34.0.0.tgz#5271500609ca6568e9c56d216e9658461780db1c"
  integrity sha512-lNa82W7I9rqJiFjunmLCMia16uq7tN1RDbfUyAZEWkmPHN2ZGWBkVAU6oODylaP6S06ymsU1oVedNziBulK9bA==
  dependencies:
    d3-array "^1.2.0"
    lodash "^4.17.15"
    prop-types "^15.5.8"
    victory-core "^34.0.0"

victory-brush-container@^34.0.0:
  version "34.0.0"
  resolved "https://registry.yarnpkg.com/victory-brush-container/-/victory-brush-container-34.0.0.tgz#b5e71b8cf0e2f2d1a61d1db62235545fc4927334"
  integrity sha512-7Gr2briyMvVGP0lFGeH/L0B4t6yp8IU40X5NXKK12J14Knu8i23qPgDlh26dBAUzxbXfVoWa6zABw7ETU1C2ag==
  dependencies:
    lodash "^4.17.15"
    prop-types "^15.5.8"
    victory-core "^34.0.0"

victory-brush-line@^34.0.0:
  version "34.0.0"
  resolved "https://registry.yarnpkg.com/victory-brush-line/-/victory-brush-line-34.0.0.tgz#1b00f296eb6c420b544764cc573f56ad0be54632"
  integrity sha512-vHKklgGM9gVHea/PfTGw6qbsCU1ZRZLRAB1wtpqlinr9hWMNXceZ+cTcdgB3DrJ6ITEGSjmx15ZoaeSXygsd0w==
  dependencies:
    lodash "^4.17.15"
    prop-types "^15.5.8"
    victory-core "^34.0.0"

victory-candlestick@^34.0.0:
  version "34.0.0"
  resolved "https://registry.yarnpkg.com/victory-candlestick/-/victory-candlestick-34.0.0.tgz#a68dfedeb9b36f1c5f7a0d08df6972b0f69d8ed4"
  integrity sha512-xMC+RZpKR4X1w5b+AGn/emvJX8BJJXdF941dedCgNaXElAhlHWoHiVD/vZcdDaNfNjNC2xcVvNeSafg8DIKUgg==
  dependencies:
    lodash "^4.17.15"
    prop-types "^15.5.8"
    victory-core "^34.0.0"

victory-chart@^34.0.0:
  version "34.0.0"
  resolved "https://registry.yarnpkg.com/victory-chart/-/victory-chart-34.0.0.tgz#751443bf599df311717ded38177a6f3e851fb2f8"
  integrity sha512-A4qVb14apdDEn8DcwiAzti2B5uDO+I0CpQc5J2PSQfLQjD/MuI4t9H4vdHXRIS/s2SIekAZX6G6oBd1o5dV2eg==
  dependencies:
    lodash "^4.17.15"
    prop-types "^15.5.8"
    react-fast-compare "^2.0.0"
    victory-axis "^34.0.0"
    victory-core "^34.0.0"
    victory-polar-axis "^34.0.0"
    victory-shared-events "^34.0.0"

victory-core@^34.0.0:
  version "34.0.0"
  resolved "https://registry.yarnpkg.com/victory-core/-/victory-core-34.0.0.tgz#f9b6d3c3e329ca98c9f29cb9db02cd1bc33056fb"
  integrity sha512-74vQvOVJaebF6CFN/c9WkRzD57xDQnD/9ixPf7rMhGM8ZWnji2M4N2N1OS0MROOdHh2HBzKDsptQQ++g1m+X7Q==
  dependencies:
    d3-ease "^1.0.0"
    d3-interpolate "^1.1.1"
    d3-scale "^1.0.0"
    d3-shape "^1.2.0"
    d3-timer "^1.0.0"
    lodash "^4.17.15"
    prop-types "^15.5.8"
    react-fast-compare "^2.0.0"

victory-create-container@^34.0.0:
  version "34.0.0"
  resolved "https://registry.yarnpkg.com/victory-create-container/-/victory-create-container-34.0.0.tgz#61fced8fbb7e32b86a7ee0a9671f4e78aa5a410b"
  integrity sha512-OnilCrq9dxw5E9TLDJTyfmlJYL0mRgq6oz4JV/T6x65oS4J+wkfIQhRiT4yaIHWd9kZCCm1lqDOZqn/StLMXWw==
  dependencies:
    lodash "^4.17.15"
    victory-brush-container "^34.0.0"
    victory-core "^34.0.0"
    victory-cursor-container "^34.0.0"
    victory-selection-container "^34.0.0"
    victory-voronoi-container "^34.0.0"
    victory-zoom-container "^34.0.0"

victory-cursor-container@^34.0.0:
  version "34.0.0"
  resolved "https://registry.yarnpkg.com/victory-cursor-container/-/victory-cursor-container-34.0.0.tgz#9539be44513c4355a3433797cd2aa3f7b678807d"
  integrity sha512-Xp0+ZZSTYpOKJFSEumLt1ki2WYUj00BwXe3p7wIIXYmWgorDueOxemTMKTi8H0USOeNdeRrqfGWEwHcw+MhbIw==
  dependencies:
    lodash "^4.17.15"
    prop-types "^15.5.8"
    victory-core "^34.0.0"

victory-errorbar@^34.0.0:
  version "34.0.0"
  resolved "https://registry.yarnpkg.com/victory-errorbar/-/victory-errorbar-34.0.0.tgz#35d1024e7d596c29087685c9ff4cc3acf5d3df91"
  integrity sha512-grFneqmw37Me3g+JjkaNFnNw09PV1CQ9j4krm/lyh1Ah+0hQMSqpOhSkBuTUy2EHvCtzCD81i3uY/6Wu5Pl8Kw==
  dependencies:
    lodash "^4.17.15"
    prop-types "^15.5.8"
    victory-core "^34.0.0"

victory-group@^34.0.0:
  version "34.0.0"
  resolved "https://registry.yarnpkg.com/victory-group/-/victory-group-34.0.0.tgz#280473a5477389c754c080d08707e9420feeee9d"
  integrity sha512-l/r310THInanP50YGBFj3JSsLc+p8WUQlp4I+/1gVbhbOkn6JdveVRAFq5jeW6WJauHlSHNWHgkeGp3AdEVZmQ==
  dependencies:
    lodash "^4.17.15"
    prop-types "^15.5.8"
    react-fast-compare "^2.0.0"
    victory-core "^34.0.0"

victory-legend@^34.0.0:
  version "34.0.0"
  resolved "https://registry.yarnpkg.com/victory-legend/-/victory-legend-34.0.0.tgz#5a7194183225ee3c2bc305c0fcc69bd83c1b6e80"
  integrity sha512-z5njQFRPGBniTos/+TlBrhw2mMS1EuNbrXObgWc6byQPFgbS8ezHOXGCcfTLB146kaozOReZqkFgHtgZhlmbJA==
  dependencies:
    lodash "^4.17.15"
    prop-types "^15.5.8"
    victory-core "^34.0.0"

victory-line@^34.0.0:
  version "34.0.0"
  resolved "https://registry.yarnpkg.com/victory-line/-/victory-line-34.0.0.tgz#588c8137c2d4827e6df53db5bc8273dfaac623da"
  integrity sha512-/0PXyCRaYt6mDsyoWjvFfqHZEE/qNzXO3g3SAVhSLE7QGsPWxikZC2AKyBjrXFitaz9Pzjou2CZcKgmy5v5dhg==
  dependencies:
    d3-shape "^1.2.0"
    lodash "^4.17.15"
    prop-types "^15.5.8"
    victory-core "^34.0.0"

victory-pie@^34.0.0:
  version "34.0.0"
  resolved "https://registry.yarnpkg.com/victory-pie/-/victory-pie-34.0.0.tgz#2c0b15d1efef976bf218e12bb209af2a446668c1"
  integrity sha512-2vQzXVOOL/Ts9TWukURAby4KwW0Nasg18jXpn7J0tpB2eTm0RWFoKil/BHUB47lKnP5bfFHItnTDgS2yDNCAHw==
  dependencies:
    d3-shape "^1.0.0"
    lodash "^4.17.15"
    prop-types "^15.5.8"
    victory-core "^34.0.0"

victory-polar-axis@^34.0.0:
  version "34.0.0"
  resolved "https://registry.yarnpkg.com/victory-polar-axis/-/victory-polar-axis-34.0.0.tgz#50fe2e91ee297863576e8a28aad5516c3a1554b3"
  integrity sha512-5N0apVAQEO3deglVIGf8nlgrIU8jg5sdQqLwMiKfedTJWrT/FPLYDyI0t5Y4drEyln8uPRTCfc3KWcrR9Y9AEA==
  dependencies:
    lodash "^4.17.15"
    prop-types "^15.5.8"
    victory-core "^34.0.0"

victory-scatter@^34.0.0:
  version "34.0.0"
  resolved "https://registry.yarnpkg.com/victory-scatter/-/victory-scatter-34.0.0.tgz#5d53964d4cec3417e66ec66d258b01aa2765b3c7"
  integrity sha512-+s94zS9zf/8gmkXyjrKWjCqaSC1rxhobON9pXZSGMcGj3XnaNTW95yso63U3Arr9wsrU5nk6EdqW2ivNbJvJJw==
  dependencies:
    lodash "^4.17.15"
    prop-types "^15.5.8"
    victory-core "^34.0.0"

victory-selection-container@^34.0.0:
  version "34.0.0"
  resolved "https://registry.yarnpkg.com/victory-selection-container/-/victory-selection-container-34.0.0.tgz#4dbdb585d8db00284d88d59cd96e7e6da9185a38"
  integrity sha512-iPrMUjKga7+Y7hpkhtHyy/R11bgOBWcIVJsQpF0ef3kK1A3UvC04iprq/C4V/n+H4Uul2wxGwFFV6KpMYAchhQ==
  dependencies:
    lodash "^4.17.15"
    prop-types "^15.5.8"
    victory-core "^34.0.0"

victory-shared-events@^34.0.0:
  version "34.0.0"
  resolved "https://registry.yarnpkg.com/victory-shared-events/-/victory-shared-events-34.0.0.tgz#3dbf7bf294eb2d46dab7f58c3eee5923aa7003c8"
  integrity sha512-jpFv2bQV607sTJeW3qGndxqn56GBM1UewWP4spkSuzAclTXjlqWVjA6kv+0tVnlcd1QuqmjtZ8Zb+weKgS9ufA==
  dependencies:
    lodash "^4.17.15"
    prop-types "^15.5.8"
    react-fast-compare "^2.0.0"
    victory-core "^34.0.0"

victory-stack@^34.0.0:
  version "34.0.0"
  resolved "https://registry.yarnpkg.com/victory-stack/-/victory-stack-34.0.0.tgz#2c24026af033e82834a0d07a671b96c16ea9c72e"
  integrity sha512-MY2hlvpQXoV/x/0XLLcfOd1Abmb2tvcpWT8GZR7NlsbT6axv5R6covGx/atMV6OphOp3Quz/bSfeLRoQgTi5bA==
  dependencies:
    lodash "^4.17.15"
    prop-types "^15.5.8"
    react-fast-compare "^2.0.0"
    victory-core "^34.0.0"

victory-tooltip@^34.0.0:
  version "34.0.0"
  resolved "https://registry.yarnpkg.com/victory-tooltip/-/victory-tooltip-34.0.0.tgz#1e526ad3013c8b2463bb4baab0cdcfbdad5da796"
  integrity sha512-YgC9q2u6CQNUQMY1vE6hOmd2YsgFk9JlITn8KwSRxVwnm22+sKcWQPTSyONfrkCm8Je0I+6CdzSkWlrnoQXZFg==
  dependencies:
    lodash "^4.17.15"
    prop-types "^15.5.8"
    victory-core "^34.0.0"

victory-voronoi-container@^34.0.0:
  version "34.0.0"
  resolved "https://registry.yarnpkg.com/victory-voronoi-container/-/victory-voronoi-container-34.0.0.tgz#7069b8f757b896cde83c4d6aee1ff20ace54e000"
  integrity sha512-vixzR2cfj6l+FfUaTK9cFjkwWBBD4en9VEykRZrEDWClq/iDxM4ukU6+JmmMY9ht0SSER8AkiqT/Kt5OBu7YmQ==
  dependencies:
    delaunay-find "0.0.5"
    lodash "^4.17.15"
    prop-types "^15.5.8"
    victory-core "^34.0.0"
    victory-tooltip "^34.0.0"

victory-voronoi@^34.0.0:
  version "34.0.0"
  resolved "https://registry.yarnpkg.com/victory-voronoi/-/victory-voronoi-34.0.0.tgz#76f591aa0472b66123201d71c48cc1f421b4922c"
  integrity sha512-1ounW9GVKtnpQg8yznyUqHipqMulo+/D3LtErMWpuOSsDpZQ+wW8cTAS4Z5MKpsE4QGm1QM8vWTrw4eaUQghFg==
  dependencies:
    d3-voronoi "^1.1.2"
    lodash "^4.17.15"
    prop-types "^15.5.8"
    victory-core "^34.0.0"

victory-zoom-container@^34.0.0:
  version "34.0.0"
  resolved "https://registry.yarnpkg.com/victory-zoom-container/-/victory-zoom-container-34.0.0.tgz#5c9e37c132092f6f3f69eac87d20c7598c491c84"
  integrity sha512-6+ZTdFi/JcYnUBetHKlGJ64CZsCLsNcla2otjRr0ixK6EbcHR1C+y9leRRJm3WGF8qy98GkGTfaLs3bgA7QGIg==
  dependencies:
    lodash "^4.17.15"
    prop-types "^15.5.8"
    victory-core "^34.0.0"

victory@^34.0.0:
  version "34.0.0"
  resolved "https://registry.yarnpkg.com/victory/-/victory-34.0.0.tgz#ef2bcd2883520177ab0bc00cc9ca599701b6054e"
  integrity sha512-8s+UCJcUSPTB+LTE1wAs9wQI5JSBKPEOtJTqKHPAsnWMWgR9aY9Mkr33shVKbemHG5ZKNVSu8Asg/Z1kq/vBkw==
  dependencies:
    victory-area "^34.0.0"
    victory-axis "^34.0.0"
    victory-bar "^34.0.0"
    victory-box-plot "^34.0.0"
    victory-brush-container "^34.0.0"
    victory-brush-line "^34.0.0"
    victory-candlestick "^34.0.0"
    victory-chart "^34.0.0"
    victory-core "^34.0.0"
    victory-create-container "^34.0.0"
    victory-cursor-container "^34.0.0"
    victory-errorbar "^34.0.0"
    victory-group "^34.0.0"
    victory-legend "^34.0.0"
    victory-line "^34.0.0"
    victory-pie "^34.0.0"
    victory-polar-axis "^34.0.0"
    victory-scatter "^34.0.0"
    victory-selection-container "^34.0.0"
    victory-shared-events "^34.0.0"
    victory-stack "^34.0.0"
    victory-tooltip "^34.0.0"
    victory-voronoi "^34.0.0"
    victory-voronoi-container "^34.0.0"
    victory-zoom-container "^34.0.0"

warning@^4.0.2, warning@^4.0.3:
  version "4.0.3"
  resolved "https://registry.yarnpkg.com/warning/-/warning-4.0.3.tgz#16e9e077eb8a86d6af7d64aa1e05fd85b4678ca3"
  integrity sha512-rpJyN222KWIvHJ/F53XSZv0Zl/accqHR8et1kpaMTD/fLCRxtV8iX8czMzY7sVZupTI3zcUTg8eycS2kNF9l6w==
  dependencies:
    loose-envify "^1.0.0"
